
Microsoft Visual Studio Solution File, Format Version 12.00
# Visual Studio Version 17
VisualStudioVersion = 17.5.33414.496
MinimumVisualStudioVersion = 10.0.40219.1
Project("{FAE04EC0-301F-11D3-BF4B-00C04F79EFBC}") = "KarePuzzel", "KarePuzzel\KarePuzzel.csproj", "{CCC0D92A-7556-41EC-9527-6A2794915E15}"
EndProject
Global
	GlobalSection(SolutionConfigurationPlatforms) = preSolution
		Debug|Any CPU = Debug|Any CPU
		Release|Any CPU = Release|Any CPU
	EndGlobalSection
	GlobalSection(ProjectConfigurationPlatforms) = postSolution
		{CCC0D92A-7556-41EC-9527-6A2794915E15}.Debug|Any CPU.ActiveCfg = Debug|Any CPU
		{CCC0D92A-7556-41EC-9527-6A2794915E15}.Debug|Any CPU.Build.0 = Debug|Any CPU
		{CCC0D92A-7556-41EC-9527-6A2794915E15}.Release|Any CPU.ActiveCfg = Release|Any CPU
		{CCC0D92A-7556-41EC-9527-6A2794915E15}.Release|Any CPU.Build.0 = Release|Any CPU
	EndGlobalSection
	GlobalSection(SolutionProperties) = preSolution
		HideSolutionNode = FALSE
	EndGlobalSection
	GlobalSection(ExtensibilityGlobals) = postSolution
		SolutionGuid = {071B4E97-9781-4F49-B442-CB8C89066C8E}
	EndGlobalSection
EndGlobal
